
Microsoft Visual Studio Solution File, Format Version 12.00
# Visual Studio Version 17
VisualStudioVersion = 17.2.32519.379
MinimumVisualStudioVersion = 10.0.40219.1
Project("{FAE04EC0-301F-11D3-BF4B-00C04F79EFBC}") = "Consola", "Consola\Consola.csproj", "{82AFC3A5-412B-425E-A9D7-AF681873FE92}"
	ProjectSection(ProjectDependencies) = postProject
		{4C08785C-D15B-4AED-BA62-BAA14CCE6664} = {4C08785C-D15B-4AED-BA62-BAA14CCE6664}
	EndProjectSection
EndProject
Project("{E24C65DC-7377-472B-9ABA-BC803B73C61A}") = "Service Web", "Service Web\", "{4C08785C-D15B-4AED-BA62-BAA14CCE6664}"
	ProjectSection(WebsiteProperties) = preProject
		TargetFrameworkMoniker = ".NETFramework,Version%3Dv4.8"
		Debug.AspNetCompiler.VirtualPath = "/localhost_51371"
		Debug.AspNetCompiler.PhysicalPath = "Service Web\"
		Debug.AspNetCompiler.TargetPath = "PrecompiledWeb\localhost_51371\"
		Debug.AspNetCompiler.Updateable = "true"
		Debug.AspNetCompiler.ForceOverwrite = "true"
		Debug.AspNetCompiler.FixedNames = "false"
		Debug.AspNetCompiler.Debug = "True"
		Release.AspNetCompiler.VirtualPath = "/localhost_51371"
		Release.AspNetCompiler.PhysicalPath = "Service Web\"
		Release.AspNetCompiler.TargetPath = "PrecompiledWeb\localhost_51371\"
		Release.AspNetCompiler.Updateable = "true"
		Release.AspNetCompiler.ForceOverwrite = "true"
		Release.AspNetCompiler.FixedNames = "false"
		Release.AspNetCompiler.Debug = "False"
		VWDPort = "51371"
		SlnRelativePath = "Service Web\"
		DefaultWebSiteLanguage = "Visual C#"
	EndProjectSection
EndProject
Global
	GlobalSection(SolutionConfigurationPlatforms) = preSolution
		Debug|Any CPU = Debug|Any CPU
		Release|Any CPU = Release|Any CPU
	EndGlobalSection
	GlobalSection(ProjectConfigurationPlatforms) = postSolution
		{82AFC3A5-412B-425E-A9D7-AF681873FE92}.Debug|Any CPU.ActiveCfg = Debug|Any CPU
		{82AFC3A5-412B-425E-A9D7-AF681873FE92}.Debug|Any CPU.Build.0 = Debug|Any CPU
		{82AFC3A5-412B-425E-A9D7-AF681873FE92}.Release|Any CPU.ActiveCfg = Release|Any CPU
		{82AFC3A5-412B-425E-A9D7-AF681873FE92}.Release|Any CPU.Build.0 = Release|Any CPU
		{4C08785C-D15B-4AED-BA62-BAA14CCE6664}.Debug|Any CPU.ActiveCfg = Debug|Any CPU
		{4C08785C-D15B-4AED-BA62-BAA14CCE6664}.Debug|Any CPU.Build.0 = Debug|Any CPU
		{4C08785C-D15B-4AED-BA62-BAA14CCE6664}.Release|Any CPU.ActiveCfg = Debug|Any CPU
		{4C08785C-D15B-4AED-BA62-BAA14CCE6664}.Release|Any CPU.Build.0 = Debug|Any CPU
	EndGlobalSection
	GlobalSection(SolutionProperties) = preSolution
		HideSolutionNode = FALSE
	EndGlobalSection
	GlobalSection(ExtensibilityGlobals) = postSolution
		SolutionGuid = {A886D661-DBF7-417C-B375-98AE0489C934}
	EndGlobalSection
EndGlobal
